
Microsoft Visual Studio Solution File, Format Version 12.00
# Visual Studio 15
VisualStudioVersion = 15.0.27703.2035
MinimumVisualStudioVersion = 10.0.40219.1
Project("{FAE04EC0-301F-11D3-BF4B-00C04F79EFBC}") = "TcStaticAnalysisLoader", "TcStaticAnalysisLoader\TcStaticAnalysisLoader.csproj", "{DF5DE715-DE1D-4B91-8385-1471EDB37A92}"
EndProject
Global
	GlobalSection(SolutionConfigurationPlatforms) = preSolution
		Debug|Any CPU = Debug|Any CPU
		Release|Any CPU = Release|Any CPU
	EndGlobalSection
	GlobalSection(ProjectConfigurationPlatforms) = postSolution
		{DF5DE715-DE1D-4B91-8385-1471EDB37A92}.Debug|Any CPU.ActiveCfg = Debug|Any CPU
		{DF5DE715-DE1D-4B91-8385-1471EDB37A92}.Debug|Any CPU.Build.0 = Debug|Any CPU
		{DF5DE715-DE1D-4B91-8385-1471EDB37A92}.Release|Any CPU.ActiveCfg = Release|Any CPU
		{DF5DE715-DE1D-4B91-8385-1471EDB37A92}.Release|Any CPU.Build.0 = Release|Any CPU
	EndGlobalSection
	GlobalSection(SolutionProperties) = preSolution
		HideSolutionNode = FALSE
	EndGlobalSection
	GlobalSection(ExtensibilityGlobals) = postSolution
		SolutionGuid = {E5A40121-8564-461C-B5B7-BD9B21FEE2E2}
	EndGlobalSection
EndGlobal
